<?xml version="1.0" encoding="utf-8"?>
<Project ToolsVersion="4.0" xmlns="http://schemas.microsoft.com/developer/msbuild/2003">
  <ItemGroup>
    <Filter Include="Containers">
      <UniqueIdentifier>{a0e8d782-fccb-4e3b-a8b5-610faf41895e}</UniqueIdentifier>
    </Filter>
    <Filter Include="Datum">
      <UniqueIdentifier>{c8a6021e-23f5-49d0-a6ae-338844ac4b22}</UniqueIdentifier>
    </Filter>
    <Filter Include="XML Parser">
      <UniqueIdentifier>{098aa132-bc6d-498e-8615-6ad765287823}</UniqueIdentifier>
    </Filter>
    <Filter Include="PCH">
      <UniqueIdentifier>{fc93e605-b801-4a84-90b5-5ea9a21763b0}</UniqueIdentifier>
    </Filter>
    <Filter Include="Factory">
      <UniqueIdentifier>{554b632f-3753-415b-9a02-4b04910adafe}</UniqueIdentifier>
    </Filter>
    <Filter Include="Entity">
      <UniqueIdentifier>{6291c778-16c1-4646-8e8b-2d9142a59589}</UniqueIdentifier>
    </Filter>
    <Filter Include="ActionDerived">
      <UniqueIdentifier>{1ea87e45-1b23-41b9-9dac-fcdc6d8b19aa}</UniqueIdentifier>
    </Filter>
    <Filter Include="Event">
      <UniqueIdentifier>{966fc4eb-c0aa-495a-9445-fc472dadda2e}</UniqueIdentifier>
    </Filter>
    <Filter Include="Reaction">
      <UniqueIdentifier>{460b18dc-de4f-45d5-b1d9-91904494e88c}</UniqueIdentifier>
    </Filter>
  </ItemGroup>
  <ItemGroup>
    <ClCompile Include="$(MSBuildThisFileDirectory)Scope.cpp">
      <Filter>Datum</Filter>
    </ClCompile>
    <ClCompile Include="$(MSBuildThisFileDirectory)Attributed.cpp">
      <Filter>Datum</Filter>
    </ClCompile>
    <ClCompile Include="$(MSBuildThisFileDirectory)Datum.cpp">
      <Filter>Datum</Filter>
    </ClCompile>
    <ClCompile Include="$(MSBuildThisFileDirectory)XMLParseMaster.cpp">
      <Filter>XML Parser</Filter>
    </ClCompile>
    <ClCompile Include="$(MSBuildThisFileDirectory)XMLTableParser.cpp">
      <Filter>XML Parser</Filter>
    </ClCompile>
    <ClCompile Include="$(MSBuildThisFileDirectory)ScopeSharedData.cpp">
      <Filter>XML Parser</Filter>
    </ClCompile>
    <ClCompile Include="$(MSBuildThisFileDirectory)pch.cpp">
      <Filter>PCH</Filter>
    </ClCompile>
    <ClCompile Include="$(MSBuildThisFileDirectory)Sector.cpp">
      <Filter>Entity</Filter>
    </ClCompile>
    <ClCompile Include="$(MSBuildThisFileDirectory)WorldState.cpp">
      <Filter>Entity</Filter>
    </ClCompile>
    <ClCompile Include="$(MSBuildThisFileDirectory)World.cpp">
      <Filter>Entity</Filter>
    </ClCompile>
    <ClCompile Include="$(MSBuildThisFileDirectory)Entity.cpp">
      <Filter>Entity</Filter>
    </ClCompile>
    <ClCompile Include="$(MSBuildThisFileDirectory)GameClock.cpp">
      <Filter>Entity</Filter>
    </ClCompile>
    <ClCompile Include="$(MSBuildThisFileDirectory)GameTime.cpp">
      <Filter>Entity</Filter>
    </ClCompile>
    <ClCompile Include="$(MSBuildThisFileDirectory)ActionList.cpp">
      <Filter>Entity</Filter>
    </ClCompile>
    <ClCompile Include="$(MSBuildThisFileDirectory)Action.cpp">
      <Filter>Entity</Filter>
    </ClCompile>
    <ClCompile Include="$(MSBuildThisFileDirectory)ActionDestroyAction.cpp">
      <Filter>ActionDerived</Filter>
    </ClCompile>
    <ClCompile Include="$(MSBuildThisFileDirectory)ActionListIf.cpp">
      <Filter>ActionDerived</Filter>
    </ClCompile>
    <ClCompile Include="$(MSBuildThisFileDirectory)ActionCreateAction.cpp">
      <Filter>ActionDerived</Filter>
    </ClCompile>
    <ClCompile Include="$(MSBuildThisFileDirectory)EventPublisher.cpp">
      <Filter>Event</Filter>
    </ClCompile>
    <ClCompile Include="$(MSBuildThisFileDirectory)EventQueue.cpp">
      <Filter>Event</Filter>
    </ClCompile>
    <ClCompile Include="$(MSBuildThisFileDirectory)ReactionAttributed.cpp">
      <Filter>Reaction</Filter>
    </ClCompile>
    <ClCompile Include="$(MSBuildThisFileDirectory)ActionEvent.cpp">
      <Filter>Reaction</Filter>
    </ClCompile>
    <ClCompile Include="$(MSBuildThisFileDirectory)Reaction.cpp">
      <Filter>Reaction</Filter>
    </ClCompile>
    <ClCompile Include="$(MSBuildThisFileDirectory)EventMessage.cpp">
      <Filter>Reaction</Filter>
    </ClCompile>
  </ItemGroup>
  <ItemGroup>
    <ClInclude Include="$(MSBuildThisFileDirectory)SList.h">
      <Filter>Containers</Filter>
    </ClInclude>
    <ClInclude Include="$(MSBuildThisFileDirectory)Vector.h">
      <Filter>Containers</Filter>
    </ClInclude>
    <ClInclude Include="$(MSBuildThisFileDirectory)HashMap.h">
      <Filter>Containers</Filter>
    </ClInclude>
    <ClInclude Include="$(MSBuildThisFileDirectory)HashFunction.h">
      <Filter>Containers</Filter>
    </ClInclude>
    <ClInclude Include="$(MSBuildThisFileDirectory)RTTI.h">
      <Filter>Datum</Filter>
    </ClInclude>
    <ClInclude Include="$(MSBuildThisFileDirectory)Datum.h">
      <Filter>Datum</Filter>
    </ClInclude>
    <ClInclude Include="$(MSBuildThisFileDirectory)Scope.h">
      <Filter>Datum</Filter>
    </ClInclude>
    <ClInclude Include="$(MSBuildThisFileDirectory)Attributed.h">
      <Filter>Datum</Filter>
    </ClInclude>
    <ClInclude Include="$(MSBuildThisFileDirectory)XMLParseHelper.h">
      <Filter>XML Parser</Filter>
    </ClInclude>
    <ClInclude Include="$(MSBuildThisFileDirectory)XMLParseMaster.h">
      <Filter>XML Parser</Filter>
    </ClInclude>
    <ClInclude Include="$(MSBuildThisFileDirectory)XMLTableParser.h">
      <Filter>XML Parser</Filter>
    </ClInclude>
    <ClInclude Include="$(MSBuildThisFileDirectory)ScopeSharedData.h">
      <Filter>XML Parser</Filter>
    </ClInclude>
    <ClInclude Include="$(MSBuildThisFileDirectory)pch.h">
      <Filter>PCH</Filter>
    </ClInclude>
    <ClInclude Include="$(MSBuildThisFileDirectory)Factory.h">
      <Filter>Factory</Filter>
    </ClInclude>
    <ClInclude Include="$(MSBuildThisFileDirectory)Entity.h">
      <Filter>Entity</Filter>
    </ClInclude>
    <ClInclude Include="$(MSBuildThisFileDirectory)Sector.h">
      <Filter>Entity</Filter>
    </ClInclude>
    <ClInclude Include="$(MSBuildThisFileDirectory)WorldState.h">
      <Filter>Entity</Filter>
    </ClInclude>
    <ClInclude Include="$(MSBuildThisFileDirectory)World.h">
      <Filter>Entity</Filter>
    </ClInclude>
    <ClInclude Include="$(MSBuildThisFileDirectory)GameClock.h">
      <Filter>Entity</Filter>
    </ClInclude>
    <ClInclude Include="$(MSBuildThisFileDirectory)GameTime.h">
      <Filter>Entity</Filter>
    </ClInclude>
    <ClInclude Include="$(MSBuildThisFileDirectory)Action.h">
      <Filter>Entity</Filter>
    </ClInclude>
    <ClInclude Include="$(MSBuildThisFileDirectory)ActionList.h">
      <Filter>Entity</Filter>
    </ClInclude>
    <ClInclude Include="$(MSBuildThisFileDirectory)ActionCreateAction.h">
      <Filter>ActionDerived</Filter>
    </ClInclude>
    <ClInclude Include="$(MSBuildThisFileDirectory)ActionDestroyAction.h">
      <Filter>ActionDerived</Filter>
    </ClInclude>
    <ClInclude Include="$(MSBuildThisFileDirectory)ActionListIf.h">
      <Filter>ActionDerived</Filter>
    </ClInclude>
    <ClInclude Include="$(MSBuildThisFileDirectory)EventSubscriber.h">
      <Filter>Event</Filter>
    </ClInclude>
    <ClInclude Include="$(MSBuildThisFileDirectory)EventPublisher.h">
      <Filter>Event</Filter>
    </ClInclude>
    <ClInclude Include="$(MSBuildThisFileDirectory)Event.h">
      <Filter>Event</Filter>
    </ClInclude>
    <ClInclude Include="$(MSBuildThisFileDirectory)EventQueue.h">
      <Filter>Event</Filter>
    </ClInclude>
    <ClInclude Include="$(MSBuildThisFileDirectory)Reaction.h">
      <Filter>Reaction</Filter>
    </ClInclude>
    <ClInclude Include="$(MSBuildThisFileDirectory)ReactionAttributed.h">
      <Filter>Reaction</Filter>
    </ClInclude>
    <ClInclude Include="$(MSBuildThisFileDirectory)ActionEvent.h">
      <Filter>Reaction</Filter>
    </ClInclude>
    <ClInclude Include="$(MSBuildThisFileDirectory)EventMessage.h">
      <Filter>Reaction</Filter>
    </ClInclude>
  </ItemGroup>
  <ItemGroup>
    <None Include="$(MSBuildThisFileDirectory)SList.inl">
      <Filter>Containers</Filter>
    </None>
    <None Include="$(MSBuildThisFileDirectory)Vector.inl">
      <Filter>Containers</Filter>
    </None>
    <None Include="$(MSBuildThisFileDirectory)HashMap.inl">
      <Filter>Containers</Filter>
    </None>
    <None Include="$(MSBuildThisFileDirectory)HashFunction.inl">
      <Filter>Containers</Filter>
    </None>
    <None Include="$(MSBuildThisFileDirectory)Event.inl">
      <Filter>Event</Filter>
    </None>
  </ItemGroup>
</Project>