
Microsoft Visual Studio Solution File, Format Version 12.00
# Visual Studio Version 17
VisualStudioVersion = 17.14.36414.22 d17.14
MinimumVisualStudioVersion = 10.0.40219.1
Project("{FAE04EC0-301F-11D3-BF4B-00C04F79EFBC}") = "backend-demo", "backend-demo.csproj", "{2CC33092-C55F-430B-9E87-C3484351E182}"
EndProject
Global
	GlobalSection(SolutionConfigurationPlatforms) = preSolution
		Debug|Any CPU = Debug|Any CPU
		Release|Any CPU = Release|Any CPU
	EndGlobalSection
	GlobalSection(ProjectConfigurationPlatforms) = postSolution
		{2CC33092-C55F-430B-9E87-C3484351E182}.Debug|Any CPU.ActiveCfg = Debug|Any CPU
		{2CC33092-C55F-430B-9E87-C3484351E182}.Debug|Any CPU.Build.0 = Debug|Any CPU
		{2CC33092-C55F-430B-9E87-C3484351E182}.Release|Any CPU.ActiveCfg = Release|Any CPU
		{2CC33092-C55F-430B-9E87-C3484351E182}.Release|Any CPU.Build.0 = Release|Any CPU
	EndGlobalSection
	GlobalSection(SolutionProperties) = preSolution
		HideSolutionNode = FALSE
	EndGlobalSection
	GlobalSection(ExtensibilityGlobals) = postSolution
		SolutionGuid = {05F9F90A-AF1E-4D31-A41D-5156D7E9F56A}
	EndGlobalSection
EndGlobal
